
Microsoft Visual Studio Solution File, Format Version 12.00
# Visual Studio Version 18
VisualStudioVersion = 18.3.11520.95 d18.3
MinimumVisualStudioVersion = 10.0.40219.1
Project("{FAE04EC0-301F-11D3-BF4B-00C04F79EFBC}") = "BanditMilitias.Tests", "BanditMilitias.Tests.csproj", "{2007BD77-AC82-F359-7479-7D719DD82450}"
EndProject
Global
	GlobalSection(SolutionConfigurationPlatforms) = preSolution
		Debug|Any CPU = Debug|Any CPU
		Release|Any CPU = Release|Any CPU
	EndGlobalSection
	GlobalSection(ProjectConfigurationPlatforms) = postSolution
		{2007BD77-AC82-F359-7479-7D719DD82450}.Debug|Any CPU.ActiveCfg = Debug|Any CPU
		{2007BD77-AC82-F359-7479-7D719DD82450}.Debug|Any CPU.Build.0 = Debug|Any CPU
		{2007BD77-AC82-F359-7479-7D719DD82450}.Release|Any CPU.ActiveCfg = Release|Any CPU
		{2007BD77-AC82-F359-7479-7D719DD82450}.Release|Any CPU.Build.0 = Release|Any CPU
	EndGlobalSection
	GlobalSection(SolutionProperties) = preSolution
		HideSolutionNode = FALSE
	EndGlobalSection
	GlobalSection(ExtensibilityGlobals) = postSolution
		SolutionGuid = {D6529C72-5B46-464A-8013-1E6A40BB0DDB}
	EndGlobalSection
EndGlobal
